<?xml version="1.0" encoding="utf-8"?>
<Project ToolsVersion="4.0" xmlns:atg="http://atg.xbox.com" xmlns="http://schemas.microsoft.com/developer/msbuild/2003">
  <ItemGroup>
    <Filter Include="Resource Files">
      <UniqueIdentifier>{8e114980-c1a3-4ada-ad7c-83caadf5daeb}</UniqueIdentifier>
      <Extensions>rc;ico;cur;bmp;dlg;rc2;rct;bin;rgs;gif;jpg;jpeg;jpe</Extensions>
    </Filter>
    <Filter Include="DXUT">
      <UniqueIdentifier>{a43c5c25-0e86-4a20-b64a-883785ff74fd}</UniqueIdentifier>
    </Filter>
    <Filter Include="Shaders">
      <UniqueIdentifier>{2c3d4c8c-5d1a-459a-a05a-a4e4b608a44e}</UniqueIdentifier>
      <Extensions>fx;fxh;hlsl</Extensions>
    </Filter>
    <Filter Include="cpps">
      <UniqueIdentifier>{dcf7198d-b9ba-4a73-86fe-76d5c8ad7e25}</UniqueIdentifier>
    </Filter>
    <Filter Include="hs">
      <UniqueIdentifier>{683e17c7-b428-441f-a59a-a981aa21eaec}</UniqueIdentifier>
    </Filter>
    <Filter Include="ImGUI">
      <UniqueIdentifier>{c4be959a-e14f-49c8-afbb-3d4961050dd6}</UniqueIdentifier>
    </Filter>
    <Filter Include="Assimp">
      <UniqueIdentifier>{a6ef9534-2ce6-40c2-92af-c33caea3e053}</UniqueIdentifier>
    </Filter>
  </ItemGroup>
  <ItemGroup>
    <ClCompile Include="CCamera.cpp">
      <Filter>cpps</Filter>
    </ClCompile>
    <ClCompile Include="Tutorial07.cpp">
      <Filter>cpps</Filter>
    </ClCompile>
    <ClCompile Include="CDeviceContext.cpp">
      <Filter>cpps</Filter>
    </ClCompile>
    <ClCompile Include="CBuffer.cpp">
      <Filter>cpps</Filter>
    </ClCompile>
    <ClCompile Include="CDevice.cpp">
      <Filter>cpps</Filter>
    </ClCompile>
    <ClCompile Include="CSwapChain.cpp">
      <Filter>cpps</Filter>
    </ClCompile>
    <ClCompile Include="CIndexBuffer.cpp">
      <Filter>cpps</Filter>
    </ClCompile>
    <ClCompile Include="CVertexBuffer.cpp">
      <Filter>cpps</Filter>
    </ClCompile>
    <ClCompile Include="CConstantBuffer.cpp">
      <Filter>cpps</Filter>
    </ClCompile>
    <ClCompile Include="CDepthStencil.cpp">
      <Filter>cpps</Filter>
    </ClCompile>
    <ClCompile Include="CDepthStencilView.cpp">
      <Filter>cpps</Filter>
    </ClCompile>
    <ClCompile Include="CRenderTarget.cpp">
      <Filter>cpps</Filter>
    </ClCompile>
    <ClCompile Include="CTexture2D.cpp">
      <Filter>cpps</Filter>
    </ClCompile>
    <ClCompile Include="CRenderTargetView.cpp">
      <Filter>cpps</Filter>
    </ClCompile>
    <ClCompile Include="CSamplerState.cpp">
      <Filter>cpps</Filter>
    </ClCompile>
    <ClCompile Include="CViewPort.cpp">
      <Filter>cpps</Filter>
    </ClCompile>
    <ClCompile Include="CInputLayout.cpp">
      <Filter>cpps</Filter>
    </ClCompile>
    <ClCompile Include="CPixelShader.cpp">
      <Filter>cpps</Filter>
    </ClCompile>
    <ClCompile Include="CVertexShader.cpp">
      <Filter>cpps</Filter>
    </ClCompile>
    <ClCompile Include="ImGUI\imgui_impl_dx11.cpp">
      <Filter>ImGUI</Filter>
    </ClCompile>
    <ClCompile Include="ImGUI\imgui_impl_win32.cpp">
      <Filter>ImGUI</Filter>
    </ClCompile>
    <ClCompile Include="ImGUI\imgui.cpp">
      <Filter>ImGUI</Filter>
    </ClCompile>
    <ClCompile Include="ImGUI\imgui_draw.cpp">
      <Filter>ImGUI</Filter>
    </ClCompile>
    <ClCompile Include="ImGUI\imgui_widgets.cpp">
      <Filter>ImGUI</Filter>
    </ClCompile>
    <ClCompile Include="CCameraFP.cpp">
      <Filter>cpps</Filter>
    </ClCompile>
    <ClCompile Include="CGraphicsAPI.cpp">
      <Filter>cpps</Filter>
    </ClCompile>
    <ClCompile Include="CUI.cpp">
      <Filter>cpps</Filter>
    </ClCompile>
    <ClCompile Include="Mesh.cpp" />
  </ItemGroup>
  <ItemGroup>
    <None Include="Tutorial07.fx">
      <Filter>Shaders</Filter>
    </None>
    <None Include="Assimp\color4.inl">
      <Filter>Assimp</Filter>
    </None>
    <None Include="Assimp\material.inl">
      <Filter>Assimp</Filter>
    </None>
    <None Include="Assimp\matrix3x3.inl">
      <Filter>Assimp</Filter>
    </None>
    <None Include="Assimp\matrix4x4.inl">
      <Filter>Assimp</Filter>
    </None>
    <None Include="Assimp\quaternion.inl">
      <Filter>Assimp</Filter>
    </None>
    <None Include="Assimp\vector2.inl">
      <Filter>Assimp</Filter>
    </None>
    <None Include="Assimp\vector3.inl">
      <Filter>Assimp</Filter>
    </None>
  </ItemGroup>
  <ItemGroup>
    <CLInclude Include="resource.h">
      <Filter>Resource Files</Filter>
    </CLInclude>
    <ResourceCompile Include="Tutorial07.rc">
      <Filter>Resource Files</Filter>
    </ResourceCompile>
    <ClInclude Include="CCamera.h">
      <Filter>hs</Filter>
    </ClInclude>
    <ClInclude Include="CBuffer.h">
      <Filter>hs</Filter>
    </ClInclude>
    <ClInclude Include="CDevice.h">
      <Filter>hs</Filter>
    </ClInclude>
    <ClInclude Include="CDeviceContext.h">
      <Filter>hs</Filter>
    </ClInclude>
    <ClInclude Include="CommentShit.h">
      <Filter>hs</Filter>
    </ClInclude>
    <ClInclude Include="CSwapChain.h">
      <Filter>hs</Filter>
    </ClInclude>
    <ClInclude Include="CIndexBuffer.h">
      <Filter>hs</Filter>
    </ClInclude>
    <ClInclude Include="CVertexBuffer.h">
      <Filter>hs</Filter>
    </ClInclude>
    <ClInclude Include="CConstantBuffer.h">
      <Filter>hs</Filter>
    </ClInclude>
    <ClInclude Include="CDepthStencil.h">
      <Filter>hs</Filter>
    </ClInclude>
    <ClInclude Include="CDepthStencilView.h">
      <Filter>hs</Filter>
    </ClInclude>
    <ClInclude Include="CRenderTarget.h">
      <Filter>hs</Filter>
    </ClInclude>
    <ClInclude Include="CTexture2D.h">
      <Filter>hs</Filter>
    </ClInclude>
    <ClInclude Include="CRenderTargetView.h">
      <Filter>hs</Filter>
    </ClInclude>
    <ClInclude Include="CSamplerState.h">
      <Filter>hs</Filter>
    </ClInclude>
    <ClInclude Include="CViewPort.h">
      <Filter>hs</Filter>
    </ClInclude>
    <ClInclude Include="CVertexShader.h">
      <Filter>hs</Filter>
    </ClInclude>
    <ClInclude Include="CInputLayout.h">
      <Filter>hs</Filter>
    </ClInclude>
    <ClInclude Include="CPixelShader.h">
      <Filter>hs</Filter>
    </ClInclude>
    <ClInclude Include="ImGUI\imgui_impl_dx11.h">
      <Filter>ImGUI</Filter>
    </ClInclude>
    <ClInclude Include="ImGUI\imgui_impl_win32.h">
      <Filter>ImGUI</Filter>
    </ClInclude>
    <ClInclude Include="ImGUI\imstb_rectpack.h">
      <Filter>ImGUI</Filter>
    </ClInclude>
    <ClInclude Include="ImGUI\imstb_textedit.h">
      <Filter>ImGUI</Filter>
    </ClInclude>
    <ClInclude Include="ImGUI\imstb_truetype.h">
      <Filter>ImGUI</Filter>
    </ClInclude>
    <ClInclude Include="ImGUI\imconfig.h">
      <Filter>ImGUI</Filter>
    </ClInclude>
    <ClInclude Include="ImGUI\imgui.h">
      <Filter>ImGUI</Filter>
    </ClInclude>
    <ClInclude Include="ImGUI\imgui_internal.h">
      <Filter>ImGUI</Filter>
    </ClInclude>
    <ClInclude Include="stb_image.h">
      <Filter>ImGUI</Filter>
    </ClInclude>
    <ClInclude Include="CCameraFP.h">
      <Filter>hs</Filter>
    </ClInclude>
    <ClInclude Include="CGraphicsAPI.h">
      <Filter>hs</Filter>
    </ClInclude>
    <ClInclude Include="CUI.h">
      <Filter>hs</Filter>
    </ClInclude>
    <ClInclude Include="Assimp\Compiler\poppack1.h">
      <Filter>Assimp</Filter>
    </ClInclude>
    <ClInclude Include="Assimp\Compiler\pstdint.h">
      <Filter>Assimp</Filter>
    </ClInclude>
    <ClInclude Include="Assimp\Compiler\pushpack1.h">
      <Filter>Assimp</Filter>
    </ClInclude>
    <ClInclude Include="Assimp\ai_assert.h">
      <Filter>Assimp</Filter>
    </ClInclude>
    <ClInclude Include="Assimp\anim.h">
      <Filter>Assimp</Filter>
    </ClInclude>
    <ClInclude Include="Assimp\camera.h">
      <Filter>Assimp</Filter>
    </ClInclude>
    <ClInclude Include="Assimp\cexport.h">
      <Filter>Assimp</Filter>
    </ClInclude>
    <ClInclude Include="Assimp\cfileio.h">
      <Filter>Assimp</Filter>
    </ClInclude>
    <ClInclude Include="Assimp\cimport.h">
      <Filter>Assimp</Filter>
    </ClInclude>
    <ClInclude Include="Assimp\color4.h">
      <Filter>Assimp</Filter>
    </ClInclude>
    <ClInclude Include="Assimp\config.h">
      <Filter>Assimp</Filter>
    </ClInclude>
    <ClInclude Include="Assimp\DefaultLogger.hpp">
      <Filter>Assimp</Filter>
    </ClInclude>
    <ClInclude Include="Assimp\defs.h">
      <Filter>Assimp</Filter>
    </ClInclude>
    <ClInclude Include="Assimp\Exporter.hpp">
      <Filter>Assimp</Filter>
    </ClInclude>
    <ClInclude Include="Assimp\Importer.hpp">
      <Filter>Assimp</Filter>
    </ClInclude>
    <ClInclude Include="Assimp\importerdesc.h">
      <Filter>Assimp</Filter>
    </ClInclude>
    <ClInclude Include="Assimp\IOStream.hpp">
      <Filter>Assimp</Filter>
    </ClInclude>
    <ClInclude Include="Assimp\IOSystem.hpp">
      <Filter>Assimp</Filter>
    </ClInclude>
    <ClInclude Include="Assimp\light.h">
      <Filter>Assimp</Filter>
    </ClInclude>
    <ClInclude Include="Assimp\Logger.hpp">
      <Filter>Assimp</Filter>
    </ClInclude>
    <ClInclude Include="Assimp\LogStream.hpp">
      <Filter>Assimp</Filter>
    </ClInclude>
    <ClInclude Include="Assimp\material.h">
      <Filter>Assimp</Filter>
    </ClInclude>
    <ClInclude Include="Assimp\matrix3x3.h">
      <Filter>Assimp</Filter>
    </ClInclude>
    <ClInclude Include="Assimp\matrix4x4.h">
      <Filter>Assimp</Filter>
    </ClInclude>
    <ClInclude Include="Assimp\mesh.h">
      <Filter>Assimp</Filter>
    </ClInclude>
    <ClInclude Include="Assimp\metadata.h">
      <Filter>Assimp</Filter>
    </ClInclude>
    <ClInclude Include="Assimp\NullLogger.hpp">
      <Filter>Assimp</Filter>
    </ClInclude>
    <ClInclude Include="Assimp\postprocess.h">
      <Filter>Assimp</Filter>
    </ClInclude>
    <ClInclude Include="Assimp\ProgressHandler.hpp">
      <Filter>Assimp</Filter>
    </ClInclude>
    <ClInclude Include="Assimp\quaternion.h">
      <Filter>Assimp</Filter>
    </ClInclude>
    <ClInclude Include="Assimp\scene.h">
      <Filter>Assimp</Filter>
    </ClInclude>
    <ClInclude Include="Assimp\texture.h">
      <Filter>Assimp</Filter>
    </ClInclude>
    <ClInclude Include="Assimp\types.h">
      <Filter>Assimp</Filter>
    </ClInclude>
    <ClInclude Include="Assimp\vector2.h">
      <Filter>Assimp</Filter>
    </ClInclude>
    <ClInclude Include="Assimp\vector3.h">
      <Filter>Assimp</Filter>
    </ClInclude>
    <ClInclude Include="Assimp\version.h">
      <Filter>Assimp</Filter>
    </ClInclude>
    <ClInclude Include="Mesh.h" />
  </ItemGroup>
  <ItemGroup>
  </ItemGroup>
</Project>